
Microsoft Visual Studio Solution File, Format Version 12.00
# Visual Studio Version 17
VisualStudioVersion = 17.0.32112.339
MinimumVisualStudioVersion = 10.0.40219.1
Project("{FAE04EC0-301F-11D3-BF4B-00C04F79EFBC}") = "Tarea 2_ EJERCICIOS 1,2,3, PROGRA 1", "Tarea 2_ EJERCICIOS 1,2,3, PROGRA 1\Tarea 2_ EJERCICIOS 1,2,3, PROGRA 1.csproj", "{0ACF91E9-3A8B-4F80-AC70-70D795709CF8}"
EndProject
Global
	GlobalSection(SolutionConfigurationPlatforms) = preSolution
		Debug|Any CPU = Debug|Any CPU
		Release|Any CPU = Release|Any CPU
	EndGlobalSection
	GlobalSection(ProjectConfigurationPlatforms) = postSolution
		{0ACF91E9-3A8B-4F80-AC70-70D795709CF8}.Debug|Any CPU.ActiveCfg = Debug|Any CPU
		{0ACF91E9-3A8B-4F80-AC70-70D795709CF8}.Debug|Any CPU.Build.0 = Debug|Any CPU
		{0ACF91E9-3A8B-4F80-AC70-70D795709CF8}.Release|Any CPU.ActiveCfg = Release|Any CPU
		{0ACF91E9-3A8B-4F80-AC70-70D795709CF8}.Release|Any CPU.Build.0 = Release|Any CPU
	EndGlobalSection
	GlobalSection(SolutionProperties) = preSolution
		HideSolutionNode = FALSE
	EndGlobalSection
	GlobalSection(ExtensibilityGlobals) = postSolution
		SolutionGuid = {55CB4DD6-ACBB-4293-89EE-CFB220D55AEC}
	EndGlobalSection
EndGlobal
